
Microsoft Visual Studio Solution File, Format Version 12.00
# Visual Studio Version 17
VisualStudioVersion = 17.9.34622.214
MinimumVisualStudioVersion = 10.0.40219.1
Project("{FAE04EC0-301F-11D3-BF4B-00C04F79EFBC}") = "WordList", "WordList.csproj", "{7DA2CD8D-4C90-47B3-AE28-910C560B3923}"
EndProject
Global
	GlobalSection(SolutionConfigurationPlatforms) = preSolution
		Debug|Any CPU = Debug|Any CPU
		Release|Any CPU = Release|Any CPU
	EndGlobalSection
	GlobalSection(ProjectConfigurationPlatforms) = postSolution
		{7DA2CD8D-4C90-47B3-AE28-910C560B3923}.Debug|Any CPU.ActiveCfg = Debug|Any CPU
		{7DA2CD8D-4C90-47B3-AE28-910C560B3923}.Debug|Any CPU.Build.0 = Debug|Any CPU
		{7DA2CD8D-4C90-47B3-AE28-910C560B3923}.Release|Any CPU.ActiveCfg = Release|Any CPU
		{7DA2CD8D-4C90-47B3-AE28-910C560B3923}.Release|Any CPU.Build.0 = Release|Any CPU
	EndGlobalSection
	GlobalSection(SolutionProperties) = preSolution
		HideSolutionNode = FALSE
	EndGlobalSection
	GlobalSection(ExtensibilityGlobals) = postSolution
		SolutionGuid = {E00C927D-91EF-4404-9364-E74B674BB011}
	EndGlobalSection
EndGlobal
